// !$*UTF8*$!
{
	archiveVersion = 1;
	classes = {
	};
	objectVersion = 50;
	objects = {

/* Begin PBXBuildFile section */
		43238F5D355A5D91FA4327ED /* Pods_omdb_example.framework in Frameworks */ = {isa = PBXBuildFile; fileRef = C7689CA4E5CD7C08CB2B232E /* Pods_omdb_example.framework */; };
		B22ACB7821B227A00060C6C2 /* AppDelegate.swift in Sources */ = {isa = PBXBuildFile; fileRef = B22ACB7721B227A00060C6C2 /* AppDelegate.swift */; };
		B22ACB7D21B227A00060C6C2 /* Main.storyboard in Resources */ = {isa = PBXBuildFile; fileRef = B22ACB7B21B227A00060C6C2 /* Main.storyboard */; };
		B22ACB7F21B227A10060C6C2 /* Assets.xcassets in Resources */ = {isa = PBXBuildFile; fileRef = B22ACB7E21B227A10060C6C2 /* Assets.xcassets */; };
		B22ACB8221B227A10060C6C2 /* LaunchScreen.storyboard in Resources */ = {isa = PBXBuildFile; fileRef = B22ACB8021B227A10060C6C2 /* LaunchScreen.storyboard */; };
		B22ACB9021B23DB40060C6C2 /* MasterViewController.swift in Sources */ = {isa = PBXBuildFile; fileRef = B22ACB8F21B23DB40060C6C2 /* MasterViewController.swift */; };
		B22ACB9621B24F520060C6C2 /* MasterInteractor.swift in Sources */ = {isa = PBXBuildFile; fileRef = B22ACB9521B24F520060C6C2 /* MasterInteractor.swift */; };
		B22ACB9921B26B960060C6C2 /* MasterPresenter.swift in Sources */ = {isa = PBXBuildFile; fileRef = B22ACB9821B26B960060C6C2 /* MasterPresenter.swift */; };
		B22ACB9C21B26C050060C6C2 /* Film.swift in Sources */ = {isa = PBXBuildFile; fileRef = B22ACB9B21B26C050060C6C2 /* Film.swift */; };
/* End PBXBuildFile section */

/* Begin PBXFileReference section */
		B0139333BEE622732131F897 /* Pods-omdb-example.debug.xcconfig */ = {isa = PBXFileReference; includeInIndex = 1; lastKnownFileType = text.xcconfig; name = "Pods-omdb-example.debug.xcconfig"; path = "Pods/Target Support Files/Pods-omdb-example/Pods-omdb-example.debug.xcconfig"; sourceTree = "<group>"; };
		B07CAC1E9434DAFC3A6CFC43 /* Pods-omdb-example.release.xcconfig */ = {isa = PBXFileReference; includeInIndex = 1; lastKnownFileType = text.xcconfig; name = "Pods-omdb-example.release.xcconfig"; path = "Pods/Target Support Files/Pods-omdb-example/Pods-omdb-example.release.xcconfig"; sourceTree = "<group>"; };
		B22ACB7421B227A00060C6C2 /* omdb-example.app */ = {isa = PBXFileReference; explicitFileType = wrapper.application; includeInIndex = 0; path = "omdb-example.app"; sourceTree = BUILT_PRODUCTS_DIR; };
		B22ACB7721B227A00060C6C2 /* AppDelegate.swift */ = {isa = PBXFileReference; lastKnownFileType = sourcecode.swift; path = AppDelegate.swift; sourceTree = "<group>"; };
		B22ACB7C21B227A00060C6C2 /* Base */ = {isa = PBXFileReference; lastKnownFileType = file.storyboard; name = Base; path = Base.lproj/Main.storyboard; sourceTree = "<group>"; };
		B22ACB7E21B227A10060C6C2 /* Assets.xcassets */ = {isa = PBXFileReference; lastKnownFileType = folder.assetcatalog; path = Assets.xcassets; sourceTree = "<group>"; };
		B22ACB8121B227A10060C6C2 /* Base */ = {isa = PBXFileReference; lastKnownFileType = file.storyboard; name = Base; path = Base.lproj/LaunchScreen.storyboard; sourceTree = "<group>"; };
		B22ACB8321B227A10060C6C2 /* Info.plist */ = {isa = PBXFileReference; lastKnownFileType = text.plist.xml; path = Info.plist; sourceTree = "<group>"; };
		B22ACB8921B238E70060C6C2 /* Realm.framework */ = {isa = PBXFileReference; lastKnownFileType = wrapper.framework; name = Realm.framework; path = Carthage/Build/iOS/Realm.framework; sourceTree = "<group>"; };
		B22ACB8B21B238EB0060C6C2 /* RealmSwift.framework */ = {isa = PBXFileReference; lastKnownFileType = wrapper.framework; name = RealmSwift.framework; path = Carthage/Build/iOS/RealmSwift.framework; sourceTree = "<group>"; };
		B22ACB8F21B23DB40060C6C2 /* MasterViewController.swift */ = {isa = PBXFileReference; lastKnownFileType = sourcecode.swift; path = MasterViewController.swift; sourceTree = "<group>"; };
		B22ACB9521B24F520060C6C2 /* MasterInteractor.swift */ = {isa = PBXFileReference; lastKnownFileType = sourcecode.swift; path = MasterInteractor.swift; sourceTree = "<group>"; };
		B22ACB9821B26B960060C6C2 /* MasterPresenter.swift */ = {isa = PBXFileReference; lastKnownFileType = sourcecode.swift; path = MasterPresenter.swift; sourceTree = "<group>"; };
		B22ACB9B21B26C050060C6C2 /* Film.swift */ = {isa = PBXFileReference; lastKnownFileType = sourcecode.swift; path = Film.swift; sourceTree = "<group>"; };
		C7689CA4E5CD7C08CB2B232E /* Pods_omdb_example.framework */ = {isa = PBXFileReference; explicitFileType = wrapper.framework; includeInIndex = 0; path = Pods_omdb_example.framework; sourceTree = BUILT_PRODUCTS_DIR; };
/* End PBXFileReference section */

/* Begin PBXFrameworksBuildPhase section */
		B22ACB7121B2279F0060C6C2 /* Frameworks */ = {
			isa = PBXFrameworksBuildPhase;
			buildActionMask = 2147483647;
			files = (
				43238F5D355A5D91FA4327ED /* Pods_omdb_example.framework in Frameworks */,
			);
			runOnlyForDeploymentPostprocessing = 0;
		};
/* End PBXFrameworksBuildPhase section */

/* Begin PBXGroup section */
		6751C41872096C1A8DB6F3E3 /* Pods */ = {
			isa = PBXGroup;
			children = (
				B0139333BEE622732131F897 /* Pods-omdb-example.debug.xcconfig */,
				B07CAC1E9434DAFC3A6CFC43 /* Pods-omdb-example.release.xcconfig */,
			);
			name = Pods;
			sourceTree = "<group>";
		};
		8B024B0907DBA3458C508191 /* Frameworks */ = {
			isa = PBXGroup;
			children = (
				B22ACB8B21B238EB0060C6C2 /* RealmSwift.framework */,
				B22ACB8921B238E70060C6C2 /* Realm.framework */,
				C7689CA4E5CD7C08CB2B232E /* Pods_omdb_example.framework */,
			);
			name = Frameworks;
			sourceTree = "<group>";
		};
		B22ACB6B21B2279F0060C6C2 = {
			isa = PBXGroup;
			children = (
				B22ACB7621B227A00060C6C2 /* omdb-example */,
				B22ACB7521B227A00060C6C2 /* Products */,
				6751C41872096C1A8DB6F3E3 /* Pods */,
				8B024B0907DBA3458C508191 /* Frameworks */,
			);
			sourceTree = "<group>";
		};
		B22ACB7521B227A00060C6C2 /* Products */ = {
			isa = PBXGroup;
			children = (
				B22ACB7421B227A00060C6C2 /* omdb-example.app */,
			);
			name = Products;
			sourceTree = "<group>";
		};
		B22ACB7621B227A00060C6C2 /* omdb-example */ = {
			isa = PBXGroup;
			children = (
				B22ACB7721B227A00060C6C2 /* AppDelegate.swift */,
				B22ACB8E21B23D500060C6C2 /* View Controllers */,
				B22ACB9121B24EFC0060C6C2 /* Interactors */,
				B22ACB9721B26B660060C6C2 /* Presenters */,
				B22ACB9A21B26BC40060C6C2 /* Models */,
				B22ACB7B21B227A00060C6C2 /* Main.storyboard */,
				B22ACB7E21B227A10060C6C2 /* Assets.xcassets */,
				B22ACB8021B227A10060C6C2 /* LaunchScreen.storyboard */,
				B22ACB8321B227A10060C6C2 /* Info.plist */,
			);
			path = "omdb-example";
			sourceTree = "<group>";
		};
		B22ACB8E21B23D500060C6C2 /* View Controllers */ = {
			isa = PBXGroup;
			children = (
				B22ACB8F21B23DB40060C6C2 /* MasterViewController.swift */,
			);
			path = "View Controllers";
			sourceTree = "<group>";
		};
		B22ACB9121B24EFC0060C6C2 /* Interactors */ = {
			isa = PBXGroup;
			children = (
				B22ACB9521B24F520060C6C2 /* MasterInteractor.swift */,
			);
			path = Interactors;
			sourceTree = "<group>";
		};
		B22ACB9721B26B660060C6C2 /* Presenters */ = {
			isa = PBXGroup;
			children = (
				B22ACB9821B26B960060C6C2 /* MasterPresenter.swift */,
			);
			path = Presenters;
			sourceTree = "<group>";
		};
		B22ACB9A21B26BC40060C6C2 /* Models */ = {
			isa = PBXGroup;
			children = (
				B22ACB9B21B26C050060C6C2 /* Film.swift */,
			);
			path = Models;
			sourceTree = "<group>";
		};
/* End PBXGroup section */

/* Begin PBXNativeTarget section */
		B22ACB7321B2279F0060C6C2 /* omdb-example */ = {
			isa = PBXNativeTarget;
			buildConfigurationList = B22ACB8621B227A10060C6C2 /* Build configuration list for PBXNativeTarget "omdb-example" */;
			buildPhases = (
				E308CB67831E2A1EFB125A52 /* [CP] Check Pods Manifest.lock */,
				B22ACB7021B2279F0060C6C2 /* Sources */,
				B22ACB7121B2279F0060C6C2 /* Frameworks */,
				B22ACB7221B2279F0060C6C2 /* Resources */,
				305FA95A5C05075C512A0CB6 /* [CP] Embed Pods Frameworks */,
				D4A29A1980B5BC602F80603C /* [CP] Copy Pods Resources */,
			);
			buildRules = (
			);
			dependencies = (
			);
			name = "omdb-example";
			productName = "omdb-example";
			productReference = B22ACB7421B227A00060C6C2 /* omdb-example.app */;
			productType = "com.apple.product-type.application";
		};
/* End PBXNativeTarget section */

/* Begin PBXProject section */
		B22ACB6C21B2279F0060C6C2 /* Project object */ = {
			isa = PBXProject;
			attributes = {
				LastSwiftUpdateCheck = 1000;
				LastUpgradeCheck = 1000;
				ORGANIZATIONNAME = Vyatri;
				TargetAttributes = {
					B22ACB7321B2279F0060C6C2 = {
						CreatedOnToolsVersion = 10.0;
					};
				};
			};
			buildConfigurationList = B22ACB6F21B2279F0060C6C2 /* Build configuration list for PBXProject "omdb-example" */;
			compatibilityVersion = "Xcode 9.3";
			developmentRegion = en;
			hasScannedForEncodings = 0;
			knownRegions = (
				en,
				Base,
			);
			mainGroup = B22ACB6B21B2279F0060C6C2;
			productRefGroup = B22ACB7521B227A00060C6C2 /* Products */;
			projectDirPath = "";
			projectRoot = "";
			targets = (
				B22ACB7321B2279F0060C6C2 /* omdb-example */,
			);
		};
/* End PBXProject section */

/* Begin PBXResourcesBuildPhase section */
		B22ACB7221B2279F0060C6C2 /* Resources */ = {
			isa = PBXResourcesBuildPhase;
			buildActionMask = 2147483647;
			files = (
				B22ACB8221B227A10060C6C2 /* LaunchScreen.storyboard in Resources */,
				B22ACB7F21B227A10060C6C2 /* Assets.xcassets in Resources */,
				B22ACB7D21B227A00060C6C2 /* Main.storyboard in Resources */,
			);
			runOnlyForDeploymentPostprocessing = 0;
		};
/* End PBXResourcesBuildPhase section */

/* Begin PBXShellScriptBuildPhase section */
		305FA95A5C05075C512A0CB6 /* [CP] Embed Pods Frameworks */ = {
			isa = PBXShellScriptBuildPhase;
			buildActionMask = 2147483647;
			files = (
			);
			inputPaths = (
				"${SRCROOT}/Pods/Target Support Files/Pods-omdb-example/Pods-omdb-example-frameworks.sh",
				"${BUILT_PRODUCTS_DIR}/Alamofire/Alamofire.framework",
				"${BUILT_PRODUCTS_DIR}/Kingfisher/Kingfisher.framework",
				"${BUILT_PRODUCTS_DIR}/Realm/Realm.framework",
				"${BUILT_PRODUCTS_DIR}/RealmSwift/RealmSwift.framework",
			);
			name = "[CP] Embed Pods Frameworks";
			outputPaths = (
				"${TARGET_BUILD_DIR}/${FRAMEWORKS_FOLDER_PATH}/Alamofire.framework",
				"${TARGET_BUILD_DIR}/${FRAMEWORKS_FOLDER_PATH}/Kingfisher.framework",
				"${TARGET_BUILD_DIR}/${FRAMEWORKS_FOLDER_PATH}/Realm.framework",
				"${TARGET_BUILD_DIR}/${FRAMEWORKS_FOLDER_PATH}/RealmSwift.framework",
			);
			runOnlyForDeploymentPostprocessing = 0;
			shellPath = /bin/sh;
			shellScript = "\"${SRCROOT}/Pods/Target Support Files/Pods-omdb-example/Pods-omdb-example-frameworks.sh\"\n";
			showEnvVarsInLog = 0;
		};
		D4A29A1980B5BC602F80603C /* [CP] Copy Pods Resources */ = {
			isa = PBXShellScriptBuildPhase;
			buildActionMask = 2147483647;
			files = (
			);
			inputPaths = (
			);
			name = "[CP] Copy Pods Resources";
			outputPaths = (
			);
			runOnlyForDeploymentPostprocessing = 0;
			shellPath = /bin/sh;
			shellScript = "\"${SRCROOT}/Pods/Target Support Files/Pods-omdb-example/Pods-omdb-example-resources.sh\"\n";
			showEnvVarsInLog = 0;
		};
		E308CB67831E2A1EFB125A52 /* [CP] Check Pods Manifest.lock */ = {
			isa = PBXShellScriptBuildPhase;
			buildActionMask = 2147483647;
			files = (
			);
			inputPaths = (
				"${PODS_PODFILE_DIR_PATH}/Podfile.lock",
				"${PODS_ROOT}/Manifest.lock",
			);
			name = "[CP] Check Pods Manifest.lock";
			outputPaths = (
				"$(DERIVED_FILE_DIR)/Pods-omdb-example-checkManifestLockResult.txt",
			);
			runOnlyForDeploymentPostprocessing = 0;
			shellPath = /bin/sh;
			shellScript = "diff \"${PODS_PODFILE_DIR_PATH}/Podfile.lock\" \"${PODS_ROOT}/Manifest.lock\" > /dev/null\nif [ $? != 0 ] ; then\n    # print error to STDERR\n    echo \"error: The sandbox is not in sync with the Podfile.lock. Run 'pod install' or update your CocoaPods installation.\" >&2\n    exit 1\nfi\n# This output is used by Xcode 'outputs' to avoid re-running this script phase.\necho \"SUCCESS\" > \"${SCRIPT_OUTPUT_FILE_0}\"\n";
			showEnvVarsInLog = 0;
		};
/* End PBXShellScriptBuildPhase section */

/* Begin PBXSourcesBuildPhase section */
		B22ACB7021B2279F0060C6C2 /* Sources */ = {
			isa = PBXSourcesBuildPhase;
			buildActionMask = 2147483647;
			files = (
				B22ACB9C21B26C050060C6C2 /* Film.swift in Sources */,
				B22ACB9921B26B960060C6C2 /* MasterPresenter.swift in Sources */,
				B22ACB9621B24F520060C6C2 /* MasterInteractor.swift in Sources */,
				B22ACB7821B227A00060C6C2 /* AppDelegate.swift in Sources */,
				B22ACB9021B23DB40060C6C2 /* MasterViewController.swift in Sources */,
			);
			runOnlyForDeploymentPostprocessing = 0;
		};
/* End PBXSourcesBuildPhase section */

/* Begin PBXVariantGroup section */
		B22ACB7B21B227A00060C6C2 /* Main.storyboard */ = {
			isa = PBXVariantGroup;
			children = (
				B22ACB7C21B227A00060C6C2 /* Base */,
			);
			name = Main.storyboard;
			sourceTree = "<group>";
		};
		B22ACB8021B227A10060C6C2 /* LaunchScreen.storyboard */ = {
			isa = PBXVariantGroup;
			children = (
				B22ACB8121B227A10060C6C2 /* Base */,
			);
			name = LaunchScreen.storyboard;
			sourceTree = "<group>";
		};
/* End PBXVariantGroup section */

/* Begin XCBuildConfiguration section */
		B22ACB8421B227A10060C6C2 /* Debug */ = {
			isa = XCBuildConfiguration;
			buildSettings = {
				ALWAYS_SEARCH_USER_PATHS = NO;
				CLANG_ANALYZER_NONNULL = YES;
				CLANG_ANALYZER_NUMBER_OBJECT_CONVERSION = YES_AGGRESSIVE;
				CLANG_CXX_LANGUAGE_STANDARD = "gnu++14";
				CLANG_CXX_LIBRARY = "libc++";
				CLANG_ENABLE_MODULES = YES;
				CLANG_ENABLE_OBJC_ARC = YES;
				CLANG_ENABLE_OBJC_WEAK = YES;
				CLANG_WARN_BLOCK_CAPTURE_AUTORELEASING = YES;
				CLANG_WARN_BOOL_CONVERSION = YES;
				CLANG_WARN_COMMA = YES;
				CLANG_WARN_CONSTANT_CONVERSION = YES;
				CLANG_WARN_DEPRECATED_OBJC_IMPLEMENTATIONS = YES;
				CLANG_WARN_DIRECT_OBJC_ISA_USAGE = YES_ERROR;
				CLANG_WARN_DOCUMENTATION_COMMENTS = YES;
				CLANG_WARN_EMPTY_BODY = YES;
				CLANG_WARN_ENUM_CONVERSION = YES;
				CLANG_WARN_INFINITE_RECURSION = YES;
				CLANG_WARN_INT_CONVERSION = YES;
				CLANG_WARN_NON_LITERAL_NULL_CONVERSION = YES;
				CLANG_WARN_OBJC_IMPLICIT_RETAIN_SELF = YES;
				CLANG_WARN_OBJC_LITERAL_CONVERSION = YES;
				CLANG_WARN_OBJC_ROOT_CLASS = YES_ERROR;
				CLANG_WARN_RANGE_LOOP_ANALYSIS = YES;
				CLANG_WARN_STRICT_PROTOTYPES = YES;
				CLANG_WARN_SUSPICIOUS_MOVE = YES;
				CLANG_WARN_UNGUARDED_AVAILABILITY = YES_AGGRESSIVE;
				CLANG_WARN_UNREACHABLE_CODE = YES;
				CLANG_WARN__DUPLICATE_METHOD_MATCH = YES;
				CODE_SIGN_IDENTITY = "iPhone Developer";
				COPY_PHASE_STRIP = NO;
				DEBUG_INFORMATION_FORMAT = dwarf;
				ENABLE_STRICT_OBJC_MSGSEND = YES;
				ENABLE_TESTABILITY = YES;
				GCC_C_LANGUAGE_STANDARD = gnu11;
				GCC_DYNAMIC_NO_PIC = NO;
				GCC_NO_COMMON_BLOCKS = YES;
				GCC_OPTIMIZATION_LEVEL = 0;
				GCC_PREPROCESSOR_DEFINITIONS = (
					"DEBUG=1",
					"$(inherited)",
				);
				GCC_WARN_64_TO_32_BIT_CONVERSION = YES;
				GCC_WARN_ABOUT_RETURN_TYPE = YES_ERROR;
				GCC_WARN_UNDECLARED_SELECTOR = YES;
				GCC_WARN_UNINITIALIZED_AUTOS = YES_AGGRESSIVE;
				GCC_WARN_UNUSED_FUNCTION = YES;
				GCC_WARN_UNUSED_VARIABLE = YES;
				IPHONEOS_DEPLOYMENT_TARGET = 12.0;
				MTL_ENABLE_DEBUG_INFO = INCLUDE_SOURCE;
				MTL_FAST_MATH = YES;
				ONLY_ACTIVE_ARCH = YES;
				SDKROOT = iphoneos;
				SWIFT_ACTIVE_COMPILATION_CONDITIONS = DEBUG;
				SWIFT_OPTIMIZATION_LEVEL = "-Onone";
			};
			name = Debug;
		};
		B22ACB8521B227A10060C6C2 /* Release */ = {
			isa = XCBuildConfiguration;
			buildSettings = {
				ALWAYS_SEARCH_USER_PATHS = NO;
				CLANG_ANALYZER_NONNULL = YES;
				CLANG_ANALYZER_NUMBER_OBJECT_CONVERSION = YES_AGGRESSIVE;
				CLANG_CXX_LANGUAGE_STANDARD = "gnu++14";
				CLANG_CXX_LIBRARY = "libc++";
				CLANG_ENABLE_MODULES = YES;
				CLANG_ENABLE_OBJC_ARC = YES;
				CLANG_ENABLE_OBJC_WEAK = YES;
				CLANG_WARN_BLOCK_CAPTURE_AUTORELEASING = YES;
				CLANG_WARN_BOOL_CONVERSION = YES;
				CLANG_WARN_COMMA = YES;
				CLANG_WARN_CONSTANT_CONVERSION = YES;
				CLANG_WARN_DEPRECATED_OBJC_IMPLEMENTATIONS = YES;
				CLANG_WARN_DIRECT_OBJC_ISA_USAGE = YES_ERROR;
				CLANG_WARN_DOCUMENTATION_COMMENTS = YES;
				CLANG_WARN_EMPTY_BODY = YES;
				CLANG_WARN_ENUM_CONVERSION = YES;
				CLANG_WARN_INFINITE_RECURSION = YES;
				CLANG_WARN_INT_CONVERSION = YES;
				CLANG_WARN_NON_LITERAL_NULL_CONVERSION = YES;
				CLANG_WARN_OBJC_IMPLICIT_RETAIN_SELF = YES;
				CLANG_WARN_OBJC_LITERAL_CONVERSION = YES;
				CLANG_WARN_OBJC_ROOT_CLASS = YES_ERROR;
				CLANG_WARN_RANGE_LOOP_ANALYSIS = YES;
				CLANG_WARN_STRICT_PROTOTYPES = YES;
				CLANG_WARN_SUSPICIOUS_MOVE = YES;
				CLANG_WARN_UNGUARDED_AVAILABILITY = YES_AGGRESSIVE;
				CLANG_WARN_UNREACHABLE_CODE = YES;
				CLANG_WARN__DUPLICATE_METHOD_MATCH = YES;
				CODE_SIGN_IDENTITY = "iPhone Developer";
				COPY_PHASE_STRIP = NO;
				DEBUG_INFORMATION_FORMAT = "dwarf-with-dsym";
				ENABLE_NS_ASSERTIONS = NO;
				ENABLE_STRICT_OBJC_MSGSEND = YES;
				GCC_C_LANGUAGE_STANDARD = gnu11;
				GCC_NO_COMMON_BLOCKS = YES;
				GCC_WARN_64_TO_32_BIT_CONVERSION = YES;
				GCC_WARN_ABOUT_RETURN_TYPE = YES_ERROR;
				GCC_WARN_UNDECLARED_SELECTOR = YES;
				GCC_WARN_UNINITIALIZED_AUTOS = YES_AGGRESSIVE;
				GCC_WARN_UNUSED_FUNCTION = YES;
				GCC_WARN_UNUSED_VARIABLE = YES;
				IPHONEOS_DEPLOYMENT_TARGET = 12.0;
				MTL_ENABLE_DEBUG_INFO = NO;
				MTL_FAST_MATH = YES;
				SDKROOT = iphoneos;
				SWIFT_COMPILATION_MODE = wholemodule;
				SWIFT_OPTIMIZATION_LEVEL = "-O";
				VALIDATE_PRODUCT = YES;
			};
			name = Release;
		};
		B22ACB8721B227A10060C6C2 /* Debug */ = {
			isa = XCBuildConfiguration;
			baseConfigurationReference = B0139333BEE622732131F897 /* Pods-omdb-example.debug.xcconfig */;
			buildSettings = {
				ASSETCATALOG_COMPILER_APPICON_NAME = AppIcon;
				CODE_SIGN_STYLE = Automatic;
				DEVELOPMENT_TEAM = YC8XZV676G;
				FRAMEWORK_SEARCH_PATHS = (
					"$(inherited)",
					"$(PROJECT_DIR)/Carthage/Build/iOS",
				);
				INFOPLIST_FILE = "omdb-example/Info.plist";
				IPHONEOS_DEPLOYMENT_TARGET = 9.0;
				LD_RUNPATH_SEARCH_PATHS = "$(inherited) @executable_path/Frameworks";
				PRODUCT_BUNDLE_IDENTIFIER = "com.wordpress.vyatri.omdb-example";
				PRODUCT_NAME = "$(TARGET_NAME)";
				SWIFT_VERSION = 4.2;
				TARGETED_DEVICE_FAMILY = "1,2";
			};
			name = Debug;
		};
		B22ACB8821B227A10060C6C2 /* Release */ = {
			isa = XCBuildConfiguration;
			baseConfigurationReference = B07CAC1E9434DAFC3A6CFC43 /* Pods-omdb-example.release.xcconfig */;
			buildSettings = {
				ASSETCATALOG_COMPILER_APPICON_NAME = AppIcon;
				CODE_SIGN_STYLE = Automatic;
				DEVELOPMENT_TEAM = YC8XZV676G;
				FRAMEWORK_SEARCH_PATHS = (
					"$(inherited)",
					"$(PROJECT_DIR)/Carthage/Build/iOS",
				);
				INFOPLIST_FILE = "omdb-example/Info.plist";
				IPHONEOS_DEPLOYMENT_TARGET = 9.0;
				LD_RUNPATH_SEARCH_PATHS = "$(inherited) @executable_path/Frameworks";
				PRODUCT_BUNDLE_IDENTIFIER = "com.wordpress.vyatri.omdb-example";
				PRODUCT_NAME = "$(TARGET_NAME)";
				SWIFT_VERSION = 4.2;
				TARGETED_DEVICE_FAMILY = "1,2";
			};
			name = Release;
		};
/* End XCBuildConfiguration section */

/* Begin XCConfigurationList section */
		B22ACB6F21B2279F0060C6C2 /* Build configuration list for PBXProject "omdb-example" */ = {
			isa = XCConfigurationList;
			buildConfigurations = (
				B22ACB8421B227A10060C6C2 /* Debug */,
				B22ACB8521B227A10060C6C2 /* Release */,
			);
			defaultConfigurationIsVisible = 0;
			defaultConfigurationName = Release;
		};
		B22ACB8621B227A10060C6C2 /* Build configuration list for PBXNativeTarget "omdb-example" */ = {
			isa = XCConfigurationList;
			buildConfigurations = (
				B22ACB8721B227A10060C6C2 /* Debug */,
				B22ACB8821B227A10060C6C2 /* Release */,
			);
			defaultConfigurationIsVisible = 0;
			defaultConfigurationName = Release;
		};
/* End XCConfigurationList section */
	};
	rootObject = B22ACB6C21B2279F0060C6C2 /* Project object */;
}
